// !$*UTF8*$!
{
	archiveVersion = 1;
	classes = {
	};
	objectVersion = 51;
	objects = {

/* Begin PBXBuildFile section */
		360326D324E0A46600FF3DCB /* UILabel.swift in Sources */ = {isa = PBXBuildFile; fileRef = 360326D224E0A46600FF3DCB /* UILabel.swift */; };
		360326D524E0B53300FF3DCB /* UITapGestureRecognizer.swift in Sources */ = {isa = PBXBuildFile; fileRef = 360326D424E0B53200FF3DCB /* UITapGestureRecognizer.swift */; };
		360326D724E18DB400FF3DCB /* UIFont.swift in Sources */ = {isa = PBXBuildFile; fileRef = 360326D624E18DB400FF3DCB /* UIFont.swift */; };
		360326D924E18EAD00FF3DCB /* WorkSans-SemiBold.otf in Resources */ = {isa = PBXBuildFile; fileRef = 360326D824E18EAD00FF3DCB /* WorkSans-SemiBold.otf */; };
		360326DD24E19F5600FF3DCB /* LoadingView.swift in Sources */ = {isa = PBXBuildFile; fileRef = 360326DC24E19F5600FF3DCB /* LoadingView.swift */; };
		3605E3AB24D2AEC3001CB361 /* AppDelegate.swift in Sources */ = {isa = PBXBuildFile; fileRef = 3605E3AA24D2AEC3001CB361 /* AppDelegate.swift */; };
		3605E3AD24D2AEC3001CB361 /* SceneDelegate.swift in Sources */ = {isa = PBXBuildFile; fileRef = 3605E3AC24D2AEC3001CB361 /* SceneDelegate.swift */; };
		3605E3B724D2AEC5001CB361 /* LaunchScreen.storyboard in Resources */ = {isa = PBXBuildFile; fileRef = 3605E3B524D2AEC5001CB361 /* LaunchScreen.storyboard */; };
		3605E3C124D2D262001CB361 /* AppDelegatePushNotification.swift in Sources */ = {isa = PBXBuildFile; fileRef = 3605E3C024D2D262001CB361 /* AppDelegatePushNotification.swift */; };
		3627EBEF24D2D8D2008D76DB /* Reachability.swift in Sources */ = {isa = PBXBuildFile; fileRef = 3627EBEE24D2D8D2008D76DB /* Reachability.swift */; };
		3627EBF224D2D8F9008D76DB /* AppManager.swift in Sources */ = {isa = PBXBuildFile; fileRef = 3627EBF124D2D8F9008D76DB /* AppManager.swift */; };
		3627EC0024D2D983008D76DB /* UIView.swift in Sources */ = {isa = PBXBuildFile; fileRef = 3627EBF524D2D983008D76DB /* UIView.swift */; };
		3627EC0124D2D983008D76DB /* UIDate.swift in Sources */ = {isa = PBXBuildFile; fileRef = 3627EBF624D2D983008D76DB /* UIDate.swift */; };
		3627EC0224D2D983008D76DB /* UIColor.swift in Sources */ = {isa = PBXBuildFile; fileRef = 3627EBF724D2D983008D76DB /* UIColor.swift */; };
		3627EC0324D2D983008D76DB /* UITextfield.swift in Sources */ = {isa = PBXBuildFile; fileRef = 3627EBF824D2D983008D76DB /* UITextfield.swift */; };
		3627EC0424D2D983008D76DB /* UIButton.swift in Sources */ = {isa = PBXBuildFile; fileRef = 3627EBF924D2D983008D76DB /* UIButton.swift */; };
		3627EC0524D2D983008D76DB /* UIViewController.swift in Sources */ = {isa = PBXBuildFile; fileRef = 3627EBFA24D2D983008D76DB /* UIViewController.swift */; };
		3627EC0624D2D983008D76DB /* UIImageView.swift in Sources */ = {isa = PBXBuildFile; fileRef = 3627EBFB24D2D983008D76DB /* UIImageView.swift */; };
		3627EC0724D2D983008D76DB /* UIApplication.swift in Sources */ = {isa = PBXBuildFile; fileRef = 3627EBFC24D2D983008D76DB /* UIApplication.swift */; };
		3627EC0824D2D983008D76DB /* Array.swift in Sources */ = {isa = PBXBuildFile; fileRef = 3627EBFE24D2D983008D76DB /* Array.swift */; };
		3627EC0924D2D983008D76DB /* GMSMarker.swift in Sources */ = {isa = PBXBuildFile; fileRef = 3627EBFF24D2D983008D76DB /* GMSMarker.swift */; };
		3627EC0E24D2EAD0008D76DB /* Color.xcassets in Resources */ = {isa = PBXBuildFile; fileRef = 3627EC0D24D2EAD0008D76DB /* Color.xcassets */; };
		3627EC1024D2EAE1008D76DB /* Image.xcassets in Resources */ = {isa = PBXBuildFile; fileRef = 3627EC0F24D2EAE1008D76DB /* Image.xcassets */; };
		3627EC1224D2EAF4008D76DB /* Icon.xcassets in Resources */ = {isa = PBXBuildFile; fileRef = 3627EC1124D2EAF4008D76DB /* Icon.xcassets */; };
		36520C5B24E3E36A002F9539 /* Sidebar.swift in Sources */ = {isa = PBXBuildFile; fileRef = 36520C5A24E3E36A002F9539 /* Sidebar.swift */; };
		36520C5E24E3E576002F9539 /* SidebarTitleCell.swift in Sources */ = {isa = PBXBuildFile; fileRef = 36520C5D24E3E576002F9539 /* SidebarTitleCell.swift */; };
		36520C6024E3E912002F9539 /* SidebarSubCell.swift in Sources */ = {isa = PBXBuildFile; fileRef = 36520C5F24E3E912002F9539 /* SidebarSubCell.swift */; };
		3673B36624E5749100D2F78D /* AnimatedSplashViewController.swift in Sources */ = {isa = PBXBuildFile; fileRef = 3673B36524E5749100D2F78D /* AnimatedSplashViewController.swift */; };
		3673B36A24E57B8300D2F78D /* logoGif.gif in Resources */ = {isa = PBXBuildFile; fileRef = 3673B36924E57B8300D2F78D /* logoGif.gif */; };
		36768D1824DC492600112893 /* Constants.swift in Sources */ = {isa = PBXBuildFile; fileRef = 36768D1724DC492600112893 /* Constants.swift */; };
		36768D1B24DC4B0900112893 /* CoreService.swift in Sources */ = {isa = PBXBuildFile; fileRef = 36768D1A24DC4B0900112893 /* CoreService.swift */; };
		36768D1E24DC6DB200112893 /* ExampleService.swift in Sources */ = {isa = PBXBuildFile; fileRef = 36768D1D24DC6DB200112893 /* ExampleService.swift */; };
		36768D2124DC726A00112893 /* ExampleViewController.swift in Sources */ = {isa = PBXBuildFile; fileRef = 36768D2024DC726A00112893 /* ExampleViewController.swift */; };
		3676A7E524E28D1A0055E39A /* AuthViewController.swift in Sources */ = {isa = PBXBuildFile; fileRef = 3676A7DC24E28D1A0055E39A /* AuthViewController.swift */; };
		3676A7E624E28D1A0055E39A /* AuthViewModel.swift in Sources */ = {isa = PBXBuildFile; fileRef = 3676A7DD24E28D1A0055E39A /* AuthViewModel.swift */; };
		3676A7E724E28D1A0055E39A /* LogInCollectionViewCell.swift in Sources */ = {isa = PBXBuildFile; fileRef = 3676A7DF24E28D1A0055E39A /* LogInCollectionViewCell.swift */; };
		3676A7E824E28D1A0055E39A /* CellProtocol.swift in Sources */ = {isa = PBXBuildFile; fileRef = 3676A7E024E28D1A0055E39A /* CellProtocol.swift */; };
		3676A7E924E28D1A0055E39A /* ForgotCollectionViewCell.swift in Sources */ = {isa = PBXBuildFile; fileRef = 3676A7E124E28D1A0055E39A /* ForgotCollectionViewCell.swift */; };
		3676A7EA24E28D1A0055E39A /* RegisterCollectionViewCell.swift in Sources */ = {isa = PBXBuildFile; fileRef = 3676A7E224E28D1A0055E39A /* RegisterCollectionViewCell.swift */; };
		3676A7EB24E28D1A0055E39A /* UserAgreementViewController.swift in Sources */ = {isa = PBXBuildFile; fileRef = 3676A7E424E28D1A0055E39A /* UserAgreementViewController.swift */; };
		9289D783B792FC7F9CE386C9 /* Pods_BaseCode.framework in Frameworks */ = {isa = PBXBuildFile; fileRef = ECC3AA14188EBCC9169A3DD1 /* Pods_BaseCode.framework */; };
/* End PBXBuildFile section */

/* Begin PBXFileReference section */
		360326D224E0A46600FF3DCB /* UILabel.swift */ = {isa = PBXFileReference; lastKnownFileType = sourcecode.swift; path = UILabel.swift; sourceTree = "<group>"; };
		360326D424E0B53200FF3DCB /* UITapGestureRecognizer.swift */ = {isa = PBXFileReference; lastKnownFileType = sourcecode.swift; path = UITapGestureRecognizer.swift; sourceTree = "<group>"; };
		360326D624E18DB400FF3DCB /* UIFont.swift */ = {isa = PBXFileReference; lastKnownFileType = sourcecode.swift; path = UIFont.swift; sourceTree = "<group>"; };
		360326D824E18EAD00FF3DCB /* WorkSans-SemiBold.otf */ = {isa = PBXFileReference; lastKnownFileType = file; path = "WorkSans-SemiBold.otf"; sourceTree = "<group>"; };
		360326DC24E19F5600FF3DCB /* LoadingView.swift */ = {isa = PBXFileReference; lastKnownFileType = sourcecode.swift; path = LoadingView.swift; sourceTree = "<group>"; };
		3605E3A724D2AEC3001CB361 /* BaseCode.app */ = {isa = PBXFileReference; explicitFileType = wrapper.application; includeInIndex = 0; path = BaseCode.app; sourceTree = BUILT_PRODUCTS_DIR; };
		3605E3AA24D2AEC3001CB361 /* AppDelegate.swift */ = {isa = PBXFileReference; lastKnownFileType = sourcecode.swift; path = AppDelegate.swift; sourceTree = "<group>"; };
		3605E3AC24D2AEC3001CB361 /* SceneDelegate.swift */ = {isa = PBXFileReference; lastKnownFileType = sourcecode.swift; path = SceneDelegate.swift; sourceTree = "<group>"; };
		3605E3B624D2AEC5001CB361 /* Base */ = {isa = PBXFileReference; lastKnownFileType = file.storyboard; name = Base; path = Base.lproj/LaunchScreen.storyboard; sourceTree = "<group>"; };
		3605E3B824D2AEC5001CB361 /* Info.plist */ = {isa = PBXFileReference; lastKnownFileType = text.plist.xml; name = Info.plist; path = ../../Info.plist; sourceTree = "<group>"; };
		3605E3C024D2D262001CB361 /* AppDelegatePushNotification.swift */ = {isa = PBXFileReference; lastKnownFileType = sourcecode.swift; path = AppDelegatePushNotification.swift; sourceTree = "<group>"; };
		3627EBEE24D2D8D2008D76DB /* Reachability.swift */ = {isa = PBXFileReference; lastKnownFileType = sourcecode.swift; path = Reachability.swift; sourceTree = "<group>"; };
		3627EBF124D2D8F9008D76DB /* AppManager.swift */ = {isa = PBXFileReference; lastKnownFileType = sourcecode.swift; path = AppManager.swift; sourceTree = "<group>"; };
		3627EBF524D2D983008D76DB /* UIView.swift */ = {isa = PBXFileReference; fileEncoding = 4; lastKnownFileType = sourcecode.swift; path = UIView.swift; sourceTree = "<group>"; };
		3627EBF624D2D983008D76DB /* UIDate.swift */ = {isa = PBXFileReference; fileEncoding = 4; lastKnownFileType = sourcecode.swift; path = UIDate.swift; sourceTree = "<group>"; };
		3627EBF724D2D983008D76DB /* UIColor.swift */ = {isa = PBXFileReference; fileEncoding = 4; lastKnownFileType = sourcecode.swift; path = UIColor.swift; sourceTree = "<group>"; };
		3627EBF824D2D983008D76DB /* UITextfield.swift */ = {isa = PBXFileReference; fileEncoding = 4; lastKnownFileType = sourcecode.swift; path = UITextfield.swift; sourceTree = "<group>"; };
		3627EBF924D2D983008D76DB /* UIButton.swift */ = {isa = PBXFileReference; fileEncoding = 4; lastKnownFileType = sourcecode.swift; path = UIButton.swift; sourceTree = "<group>"; };
		3627EBFA24D2D983008D76DB /* UIViewController.swift */ = {isa = PBXFileReference; fileEncoding = 4; lastKnownFileType = sourcecode.swift; path = UIViewController.swift; sourceTree = "<group>"; };
		3627EBFB24D2D983008D76DB /* UIImageView.swift */ = {isa = PBXFileReference; fileEncoding = 4; lastKnownFileType = sourcecode.swift; path = UIImageView.swift; sourceTree = "<group>"; };
		3627EBFC24D2D983008D76DB /* UIApplication.swift */ = {isa = PBXFileReference; fileEncoding = 4; lastKnownFileType = sourcecode.swift; path = UIApplication.swift; sourceTree = "<group>"; };
		3627EBFE24D2D983008D76DB /* Array.swift */ = {isa = PBXFileReference; fileEncoding = 4; lastKnownFileType = sourcecode.swift; path = Array.swift; sourceTree = "<group>"; };
		3627EBFF24D2D983008D76DB /* GMSMarker.swift */ = {isa = PBXFileReference; fileEncoding = 4; lastKnownFileType = sourcecode.swift; path = GMSMarker.swift; sourceTree = "<group>"; };
		3627EC0D24D2EAD0008D76DB /* Color.xcassets */ = {isa = PBXFileReference; lastKnownFileType = folder.assetcatalog; path = Color.xcassets; sourceTree = "<group>"; };
		3627EC0F24D2EAE1008D76DB /* Image.xcassets */ = {isa = PBXFileReference; lastKnownFileType = folder.assetcatalog; path = Image.xcassets; sourceTree = "<group>"; };
		3627EC1124D2EAF4008D76DB /* Icon.xcassets */ = {isa = PBXFileReference; lastKnownFileType = folder.assetcatalog; path = Icon.xcassets; sourceTree = "<group>"; };
		36520C5A24E3E36A002F9539 /* Sidebar.swift */ = {isa = PBXFileReference; lastKnownFileType = sourcecode.swift; path = Sidebar.swift; sourceTree = "<group>"; };
		36520C5D24E3E576002F9539 /* SidebarTitleCell.swift */ = {isa = PBXFileReference; lastKnownFileType = sourcecode.swift; path = SidebarTitleCell.swift; sourceTree = "<group>"; };
		36520C5F24E3E912002F9539 /* SidebarSubCell.swift */ = {isa = PBXFileReference; lastKnownFileType = sourcecode.swift; path = SidebarSubCell.swift; sourceTree = "<group>"; };
		3673B36524E5749100D2F78D /* AnimatedSplashViewController.swift */ = {isa = PBXFileReference; lastKnownFileType = sourcecode.swift; path = AnimatedSplashViewController.swift; sourceTree = "<group>"; };
		3673B36924E57B8300D2F78D /* logoGif.gif */ = {isa = PBXFileReference; lastKnownFileType = image.gif; path = logoGif.gif; sourceTree = "<group>"; };
		36768D1724DC492600112893 /* Constants.swift */ = {isa = PBXFileReference; lastKnownFileType = sourcecode.swift; path = Constants.swift; sourceTree = "<group>"; };
		36768D1A24DC4B0900112893 /* CoreService.swift */ = {isa = PBXFileReference; lastKnownFileType = sourcecode.swift; path = CoreService.swift; sourceTree = "<group>"; };
		36768D1D24DC6DB200112893 /* ExampleService.swift */ = {isa = PBXFileReference; lastKnownFileType = sourcecode.swift; path = ExampleService.swift; sourceTree = "<group>"; };
		36768D2024DC726A00112893 /* ExampleViewController.swift */ = {isa = PBXFileReference; lastKnownFileType = sourcecode.swift; path = ExampleViewController.swift; sourceTree = "<group>"; };
		3676A7DC24E28D1A0055E39A /* AuthViewController.swift */ = {isa = PBXFileReference; fileEncoding = 4; lastKnownFileType = sourcecode.swift; path = AuthViewController.swift; sourceTree = "<group>"; };
		3676A7DD24E28D1A0055E39A /* AuthViewModel.swift */ = {isa = PBXFileReference; fileEncoding = 4; lastKnownFileType = sourcecode.swift; path = AuthViewModel.swift; sourceTree = "<group>"; };
		3676A7DF24E28D1A0055E39A /* LogInCollectionViewCell.swift */ = {isa = PBXFileReference; fileEncoding = 4; lastKnownFileType = sourcecode.swift; path = LogInCollectionViewCell.swift; sourceTree = "<group>"; };
		3676A7E024E28D1A0055E39A /* CellProtocol.swift */ = {isa = PBXFileReference; fileEncoding = 4; lastKnownFileType = sourcecode.swift; path = CellProtocol.swift; sourceTree = "<group>"; };
		3676A7E124E28D1A0055E39A /* ForgotCollectionViewCell.swift */ = {isa = PBXFileReference; fileEncoding = 4; lastKnownFileType = sourcecode.swift; path = ForgotCollectionViewCell.swift; sourceTree = "<group>"; };
		3676A7E224E28D1A0055E39A /* RegisterCollectionViewCell.swift */ = {isa = PBXFileReference; fileEncoding = 4; lastKnownFileType = sourcecode.swift; path = RegisterCollectionViewCell.swift; sourceTree = "<group>"; };
		3676A7E424E28D1A0055E39A /* UserAgreementViewController.swift */ = {isa = PBXFileReference; fileEncoding = 4; lastKnownFileType = sourcecode.swift; path = UserAgreementViewController.swift; sourceTree = "<group>"; };
		E0852A22FA323DDDE88566FC /* Pods-BaseCode.debug.xcconfig */ = {isa = PBXFileReference; includeInIndex = 1; lastKnownFileType = text.xcconfig; name = "Pods-BaseCode.debug.xcconfig"; path = "Target Support Files/Pods-BaseCode/Pods-BaseCode.debug.xcconfig"; sourceTree = "<group>"; };
		E8ADC355975DB18BC4723C7A /* Pods-BaseCode.release.xcconfig */ = {isa = PBXFileReference; includeInIndex = 1; lastKnownFileType = text.xcconfig; name = "Pods-BaseCode.release.xcconfig"; path = "Target Support Files/Pods-BaseCode/Pods-BaseCode.release.xcconfig"; sourceTree = "<group>"; };
		ECC3AA14188EBCC9169A3DD1 /* Pods_BaseCode.framework */ = {isa = PBXFileReference; explicitFileType = wrapper.framework; includeInIndex = 0; path = Pods_BaseCode.framework; sourceTree = BUILT_PRODUCTS_DIR; };
/* End PBXFileReference section */

/* Begin PBXFrameworksBuildPhase section */
		3605E3A424D2AEC3001CB361 /* Frameworks */ = {
			isa = PBXFrameworksBuildPhase;
			buildActionMask = 2147483647;
			files = (
				9289D783B792FC7F9CE386C9 /* Pods_BaseCode.framework in Frameworks */,
			);
			runOnlyForDeploymentPostprocessing = 0;
		};
/* End PBXFrameworksBuildPhase section */

/* Begin PBXGroup section */
		153629ECD43E0EFE53DD3BB2 /* Frameworks */ = {
			isa = PBXGroup;
			children = (
				ECC3AA14188EBCC9169A3DD1 /* Pods_BaseCode.framework */,
			);
			name = Frameworks;
			sourceTree = "<group>";
		};
		360326DA24E19B9000FF3DCB /* Fonts */ = {
			isa = PBXGroup;
			children = (
				360326D824E18EAD00FF3DCB /* WorkSans-SemiBold.otf */,
			);
			path = Fonts;
			sourceTree = "<group>";
		};
		360326DB24E19F3A00FF3DCB /* Custom Views */ = {
			isa = PBXGroup;
			children = (
				3673B36424E5747B00D2F78D /* Animated Splash Screen */,
				36520C5924E3E355002F9539 /* Sidebar */,
				36520C5824E3E34A002F9539 /* LoadingView */,
			);
			path = "Custom Views";
			sourceTree = "<group>";
		};
		3605E39E24D2AEC3001CB361 = {
			isa = PBXGroup;
			children = (
				3605E3A924D2AEC3001CB361 /* BaseCode */,
				3605E3A824D2AEC3001CB361 /* Products */,
				9538C15B09E7D8D5DFE77376 /* Pods */,
				153629ECD43E0EFE53DD3BB2 /* Frameworks */,
			);
			sourceTree = "<group>";
		};
		3605E3A824D2AEC3001CB361 /* Products */ = {
			isa = PBXGroup;
			children = (
				3605E3A724D2AEC3001CB361 /* BaseCode.app */,
			);
			name = Products;
			sourceTree = "<group>";
		};
		3605E3A924D2AEC3001CB361 /* BaseCode */ = {
			isa = PBXGroup;
			children = (
				360326DB24E19F3A00FF3DCB /* Custom Views */,
				36768D1F24DC725B00112893 /* Scene */,
				36768D1C24DC6DA500112893 /* Service */,
				36768D1924DC4AF500112893 /* CoreService */,
				3627EC0A24D2EA7C008D76DB /* Supporting Files */,
				3627EBF324D2D983008D76DB /* Extension */,
				3627EBF024D2D8EB008D76DB /* Shared */,
				3627EBED24D2D8C3008D76DB /* External */,
				3605E3AA24D2AEC3001CB361 /* AppDelegate.swift */,
				3605E3AC24D2AEC3001CB361 /* SceneDelegate.swift */,
				3605E3C024D2D262001CB361 /* AppDelegatePushNotification.swift */,
				3605E3B524D2AEC5001CB361 /* LaunchScreen.storyboard */,
			);
			path = BaseCode;
			sourceTree = "<group>";
		};
		3627EBED24D2D8C3008D76DB /* External */ = {
			isa = PBXGroup;
			children = (
				3627EBEE24D2D8D2008D76DB /* Reachability.swift */,
			);
			path = External;
			sourceTree = "<group>";
		};
		3627EBF024D2D8EB008D76DB /* Shared */ = {
			isa = PBXGroup;
			children = (
				3627EBF124D2D8F9008D76DB /* AppManager.swift */,
			);
			path = Shared;
			sourceTree = "<group>";
		};
		3627EBF324D2D983008D76DB /* Extension */ = {
			isa = PBXGroup;
			children = (
				3627EBF424D2D983008D76DB /* UIKit */,
				3627EBFD24D2D983008D76DB /* Foundation */,
			);
			path = Extension;
			sourceTree = "<group>";
		};
		3627EBF424D2D983008D76DB /* UIKit */ = {
			isa = PBXGroup;
			children = (
				3627EBF524D2D983008D76DB /* UIView.swift */,
				3627EBF624D2D983008D76DB /* UIDate.swift */,
				3627EBF724D2D983008D76DB /* UIColor.swift */,
				3627EBF824D2D983008D76DB /* UITextfield.swift */,
				3627EBF924D2D983008D76DB /* UIButton.swift */,
				3627EBFA24D2D983008D76DB /* UIViewController.swift */,
				3627EBFB24D2D983008D76DB /* UIImageView.swift */,
				3627EBFC24D2D983008D76DB /* UIApplication.swift */,
				360326D224E0A46600FF3DCB /* UILabel.swift */,
				360326D424E0B53200FF3DCB /* UITapGestureRecognizer.swift */,
				360326D624E18DB400FF3DCB /* UIFont.swift */,
			);
			path = UIKit;
			sourceTree = "<group>";
		};
		3627EBFD24D2D983008D76DB /* Foundation */ = {
			isa = PBXGroup;
			children = (
				3627EBFE24D2D983008D76DB /* Array.swift */,
				3627EBFF24D2D983008D76DB /* GMSMarker.swift */,
			);
			path = Foundation;
			sourceTree = "<group>";
		};
		3627EC0A24D2EA7C008D76DB /* Supporting Files */ = {
			isa = PBXGroup;
			children = (
				360326DA24E19B9000FF3DCB /* Fonts */,
				36768D1624DC491500112893 /* Constants */,
				3627EC0C24D2EAB7008D76DB /* Assets */,
				3627EC0B24D2EAAC008D76DB /* PList */,
			);
			path = "Supporting Files";
			sourceTree = "<group>";
		};
		3627EC0B24D2EAAC008D76DB /* PList */ = {
			isa = PBXGroup;
			children = (
				3605E3B824D2AEC5001CB361 /* Info.plist */,
			);
			path = PList;
			sourceTree = "<group>";
		};
		3627EC0C24D2EAB7008D76DB /* Assets */ = {
			isa = PBXGroup;
			children = (
				3627EC0D24D2EAD0008D76DB /* Color.xcassets */,
				3627EC0F24D2EAE1008D76DB /* Image.xcassets */,
				3627EC1124D2EAF4008D76DB /* Icon.xcassets */,
			);
			path = Assets;
			sourceTree = "<group>";
		};
		36520C5824E3E34A002F9539 /* LoadingView */ = {
			isa = PBXGroup;
			children = (
				360326DC24E19F5600FF3DCB /* LoadingView.swift */,
			);
			path = LoadingView;
			sourceTree = "<group>";
		};
		36520C5924E3E355002F9539 /* Sidebar */ = {
			isa = PBXGroup;
			children = (
				36520C5C24E3E496002F9539 /* Custom Cell's */,
				36520C5A24E3E36A002F9539 /* Sidebar.swift */,
			);
			path = Sidebar;
			sourceTree = "<group>";
		};
		36520C5C24E3E496002F9539 /* Custom Cell's */ = {
			isa = PBXGroup;
			children = (
				36520C5D24E3E576002F9539 /* SidebarTitleCell.swift */,
				36520C5F24E3E912002F9539 /* SidebarSubCell.swift */,
			);
			path = "Custom Cell's";
			sourceTree = "<group>";
		};
		3673B36424E5747B00D2F78D /* Animated Splash Screen */ = {
			isa = PBXGroup;
			children = (
				3673B36924E57B8300D2F78D /* logoGif.gif */,
				3673B36524E5749100D2F78D /* AnimatedSplashViewController.swift */,
			);
			path = "Animated Splash Screen";
			sourceTree = "<group>";
		};
		36768D1624DC491500112893 /* Constants */ = {
			isa = PBXGroup;
			children = (
				36768D1724DC492600112893 /* Constants.swift */,
			);
			path = Constants;
			sourceTree = "<group>";
		};
		36768D1924DC4AF500112893 /* CoreService */ = {
			isa = PBXGroup;
			children = (
				36768D1A24DC4B0900112893 /* CoreService.swift */,
			);
			path = CoreService;
			sourceTree = "<group>";
		};
		36768D1C24DC6DA500112893 /* Service */ = {
			isa = PBXGroup;
			children = (
				36768D1D24DC6DB200112893 /* ExampleService.swift */,
			);
			path = Service;
			sourceTree = "<group>";
		};
		36768D1F24DC725B00112893 /* Scene */ = {
			isa = PBXGroup;
			children = (
				3676A7DB24E28D1A0055E39A /* Auth */,
				36768D2024DC726A00112893 /* ExampleViewController.swift */,
			);
			path = Scene;
			sourceTree = "<group>";
		};
		3676A7DB24E28D1A0055E39A /* Auth */ = {
			isa = PBXGroup;
			children = (
				3676A7DC24E28D1A0055E39A /* AuthViewController.swift */,
				3676A7DD24E28D1A0055E39A /* AuthViewModel.swift */,
				3676A7DE24E28D1A0055E39A /* CollectionView Cell's */,
				3676A7E324E28D1A0055E39A /* User Agreement */,
			);
			path = Auth;
			sourceTree = "<group>";
		};
		3676A7DE24E28D1A0055E39A /* CollectionView Cell's */ = {
			isa = PBXGroup;
			children = (
				3676A7E024E28D1A0055E39A /* CellProtocol.swift */,
				3676A7DF24E28D1A0055E39A /* LogInCollectionViewCell.swift */,
				3676A7E124E28D1A0055E39A /* ForgotCollectionViewCell.swift */,
				3676A7E224E28D1A0055E39A /* RegisterCollectionViewCell.swift */,
			);
			path = "CollectionView Cell's";
			sourceTree = "<group>";
		};
		3676A7E324E28D1A0055E39A /* User Agreement */ = {
			isa = PBXGroup;
			children = (
				3676A7E424E28D1A0055E39A /* UserAgreementViewController.swift */,
			);
			path = "User Agreement";
			sourceTree = "<group>";
		};
		9538C15B09E7D8D5DFE77376 /* Pods */ = {
			isa = PBXGroup;
			children = (
				E0852A22FA323DDDE88566FC /* Pods-BaseCode.debug.xcconfig */,
				E8ADC355975DB18BC4723C7A /* Pods-BaseCode.release.xcconfig */,
			);
			path = Pods;
			sourceTree = "<group>";
		};
/* End PBXGroup section */

/* Begin PBXNativeTarget section */
		3605E3A624D2AEC3001CB361 /* BaseCode */ = {
			isa = PBXNativeTarget;
			buildConfigurationList = 3605E3BB24D2AEC5001CB361 /* Build configuration list for PBXNativeTarget "BaseCode" */;
			buildPhases = (
				2DA6BFD1B0D382F45E55557B /* [CP] Check Pods Manifest.lock */,
				3605E3A324D2AEC3001CB361 /* Sources */,
				3605E3A424D2AEC3001CB361 /* Frameworks */,
				3605E3A524D2AEC3001CB361 /* Resources */,
				5C4D3D5725892BE0ECF5D6B0 /* [CP] Embed Pods Frameworks */,
				1731909711B2227A51821F65 /* [CP] Copy Pods Resources */,
			);
			buildRules = (
			);
			dependencies = (
			);
			name = BaseCode;
			productName = BaseCode;
			productReference = 3605E3A724D2AEC3001CB361 /* BaseCode.app */;
			productType = "com.apple.product-type.application";
		};
/* End PBXNativeTarget section */

/* Begin PBXProject section */
		3605E39F24D2AEC3001CB361 /* Project object */ = {
			isa = PBXProject;
			attributes = {
				LastSwiftUpdateCheck = 1200;
				LastUpgradeCheck = 1200;
				TargetAttributes = {
					3605E3A624D2AEC3001CB361 = {
						CreatedOnToolsVersion = 12.0;
					};
				};
			};
			buildConfigurationList = 3605E3A224D2AEC3001CB361 /* Build configuration list for PBXProject "BaseCode" */;
			compatibilityVersion = "Xcode 9.3";
			developmentRegion = en;
			hasScannedForEncodings = 0;
			knownRegions = (
				en,
				Base,
			);
			mainGroup = 3605E39E24D2AEC3001CB361;
			productRefGroup = 3605E3A824D2AEC3001CB361 /* Products */;
			projectDirPath = "";
			projectRoot = "";
			targets = (
				3605E3A624D2AEC3001CB361 /* BaseCode */,
			);
		};
/* End PBXProject section */

/* Begin PBXResourcesBuildPhase section */
		3605E3A524D2AEC3001CB361 /* Resources */ = {
			isa = PBXResourcesBuildPhase;
			buildActionMask = 2147483647;
			files = (
				360326D924E18EAD00FF3DCB /* WorkSans-SemiBold.otf in Resources */,
				3605E3B724D2AEC5001CB361 /* LaunchScreen.storyboard in Resources */,
				3627EC1024D2EAE1008D76DB /* Image.xcassets in Resources */,
				3627EC1224D2EAF4008D76DB /* Icon.xcassets in Resources */,
				3673B36A24E57B8300D2F78D /* logoGif.gif in Resources */,
				3627EC0E24D2EAD0008D76DB /* Color.xcassets in Resources */,
			);
			runOnlyForDeploymentPostprocessing = 0;
		};
/* End PBXResourcesBuildPhase section */

/* Begin PBXShellScriptBuildPhase section */
		1731909711B2227A51821F65 /* [CP] Copy Pods Resources */ = {
			isa = PBXShellScriptBuildPhase;
			buildActionMask = 2147483647;
			files = (
			);
			inputFileListPaths = (
				"${PODS_ROOT}/Target Support Files/Pods-BaseCode/Pods-BaseCode-resources-${CONFIGURATION}-input-files.xcfilelist",
			);
			name = "[CP] Copy Pods Resources";
			outputFileListPaths = (
				"${PODS_ROOT}/Target Support Files/Pods-BaseCode/Pods-BaseCode-resources-${CONFIGURATION}-output-files.xcfilelist",
			);
			runOnlyForDeploymentPostprocessing = 0;
			shellPath = /bin/sh;
			shellScript = "\"${PODS_ROOT}/Target Support Files/Pods-BaseCode/Pods-BaseCode-resources.sh\"\n";
			showEnvVarsInLog = 0;
		};
		2DA6BFD1B0D382F45E55557B /* [CP] Check Pods Manifest.lock */ = {
			isa = PBXShellScriptBuildPhase;
			buildActionMask = 2147483647;
			files = (
			);
			inputFileListPaths = (
			);
			inputPaths = (
				"${PODS_PODFILE_DIR_PATH}/Podfile.lock",
				"${PODS_ROOT}/Manifest.lock",
			);
			name = "[CP] Check Pods Manifest.lock";
			outputFileListPaths = (
			);
			outputPaths = (
				"$(DERIVED_FILE_DIR)/Pods-BaseCode-checkManifestLockResult.txt",
			);
			runOnlyForDeploymentPostprocessing = 0;
			shellPath = /bin/sh;
			shellScript = "diff \"${PODS_PODFILE_DIR_PATH}/Podfile.lock\" \"${PODS_ROOT}/Manifest.lock\" > /dev/null\nif [ $? != 0 ] ; then\n    # print error to STDERR\n    echo \"error: The sandbox is not in sync with the Podfile.lock. Run 'pod install' or update your CocoaPods installation.\" >&2\n    exit 1\nfi\n# This output is used by Xcode 'outputs' to avoid re-running this script phase.\necho \"SUCCESS\" > \"${SCRIPT_OUTPUT_FILE_0}\"\n";
			showEnvVarsInLog = 0;
		};
		5C4D3D5725892BE0ECF5D6B0 /* [CP] Embed Pods Frameworks */ = {
			isa = PBXShellScriptBuildPhase;
			buildActionMask = 2147483647;
			files = (
			);
			inputFileListPaths = (
				"${PODS_ROOT}/Target Support Files/Pods-BaseCode/Pods-BaseCode-frameworks-${CONFIGURATION}-input-files.xcfilelist",
			);
			name = "[CP] Embed Pods Frameworks";
			outputFileListPaths = (
				"${PODS_ROOT}/Target Support Files/Pods-BaseCode/Pods-BaseCode-frameworks-${CONFIGURATION}-output-files.xcfilelist",
			);
			runOnlyForDeploymentPostprocessing = 0;
			shellPath = /bin/sh;
			shellScript = "\"${PODS_ROOT}/Target Support Files/Pods-BaseCode/Pods-BaseCode-frameworks.sh\"\n";
			showEnvVarsInLog = 0;
		};
/* End PBXShellScriptBuildPhase section */

/* Begin PBXSourcesBuildPhase section */
		3605E3A324D2AEC3001CB361 /* Sources */ = {
			isa = PBXSourcesBuildPhase;
			buildActionMask = 2147483647;
			files = (
				3676A7EB24E28D1A0055E39A /* UserAgreementViewController.swift in Sources */,
				36768D1B24DC4B0900112893 /* CoreService.swift in Sources */,
				3676A7E824E28D1A0055E39A /* CellProtocol.swift in Sources */,
				3605E3C124D2D262001CB361 /* AppDelegatePushNotification.swift in Sources */,
				3627EC0524D2D983008D76DB /* UIViewController.swift in Sources */,
				3627EC0924D2D983008D76DB /* GMSMarker.swift in Sources */,
				3676A7E524E28D1A0055E39A /* AuthViewController.swift in Sources */,
				3627EC0624D2D983008D76DB /* UIImageView.swift in Sources */,
				36768D2124DC726A00112893 /* ExampleViewController.swift in Sources */,
				360326D724E18DB400FF3DCB /* UIFont.swift in Sources */,
				36520C6024E3E912002F9539 /* SidebarSubCell.swift in Sources */,
				3605E3AB24D2AEC3001CB361 /* AppDelegate.swift in Sources */,
				3627EC0124D2D983008D76DB /* UIDate.swift in Sources */,
				3676A7EA24E28D1A0055E39A /* RegisterCollectionViewCell.swift in Sources */,
				36520C5E24E3E576002F9539 /* SidebarTitleCell.swift in Sources */,
				3627EC0824D2D983008D76DB /* Array.swift in Sources */,
				3673B36624E5749100D2F78D /* AnimatedSplashViewController.swift in Sources */,
				36768D1824DC492600112893 /* Constants.swift in Sources */,
				360326D324E0A46600FF3DCB /* UILabel.swift in Sources */,
				3627EC0224D2D983008D76DB /* UIColor.swift in Sources */,
				360326D524E0B53300FF3DCB /* UITapGestureRecognizer.swift in Sources */,
				36768D1E24DC6DB200112893 /* ExampleService.swift in Sources */,
				3627EC0324D2D983008D76DB /* UITextfield.swift in Sources */,
				36520C5B24E3E36A002F9539 /* Sidebar.swift in Sources */,
				3627EC0724D2D983008D76DB /* UIApplication.swift in Sources */,
				3627EC0024D2D983008D76DB /* UIView.swift in Sources */,
				3627EBF224D2D8F9008D76DB /* AppManager.swift in Sources */,
				3676A7E724E28D1A0055E39A /* LogInCollectionViewCell.swift in Sources */,
				3676A7E624E28D1A0055E39A /* AuthViewModel.swift in Sources */,
				3627EC0424D2D983008D76DB /* UIButton.swift in Sources */,
				3627EBEF24D2D8D2008D76DB /* Reachability.swift in Sources */,
				3676A7E924E28D1A0055E39A /* ForgotCollectionViewCell.swift in Sources */,
				3605E3AD24D2AEC3001CB361 /* SceneDelegate.swift in Sources */,
				360326DD24E19F5600FF3DCB /* LoadingView.swift in Sources */,
			);
			runOnlyForDeploymentPostprocessing = 0;
		};
/* End PBXSourcesBuildPhase section */

/* Begin PBXVariantGroup section */
		3605E3B524D2AEC5001CB361 /* LaunchScreen.storyboard */ = {
			isa = PBXVariantGroup;
			children = (
				3605E3B624D2AEC5001CB361 /* Base */,
			);
			name = LaunchScreen.storyboard;
			sourceTree = "<group>";
		};
/* End PBXVariantGroup section */

/* Begin XCBuildConfiguration section */
		3605E3B924D2AEC5001CB361 /* Debug */ = {
			isa = XCBuildConfiguration;
			buildSettings = {
				ALWAYS_SEARCH_USER_PATHS = NO;
				CLANG_ANALYZER_NONNULL = YES;
				CLANG_ANALYZER_NUMBER_OBJECT_CONVERSION = YES_AGGRESSIVE;
				CLANG_CXX_LANGUAGE_STANDARD = "gnu++14";
				CLANG_CXX_LIBRARY = "libc++";
				CLANG_ENABLE_MODULES = YES;
				CLANG_ENABLE_OBJC_ARC = YES;
				CLANG_ENABLE_OBJC_WEAK = YES;
				CLANG_WARN_BLOCK_CAPTURE_AUTORELEASING = YES;
				CLANG_WARN_BOOL_CONVERSION = YES;
				CLANG_WARN_COMMA = YES;
				CLANG_WARN_CONSTANT_CONVERSION = YES;
				CLANG_WARN_DEPRECATED_OBJC_IMPLEMENTATIONS = YES;
				CLANG_WARN_DIRECT_OBJC_ISA_USAGE = YES_ERROR;
				CLANG_WARN_DOCUMENTATION_COMMENTS = YES;
				CLANG_WARN_EMPTY_BODY = YES;
				CLANG_WARN_ENUM_CONVERSION = YES;
				CLANG_WARN_INFINITE_RECURSION = YES;
				CLANG_WARN_INT_CONVERSION = YES;
				CLANG_WARN_NON_LITERAL_NULL_CONVERSION = YES;
				CLANG_WARN_OBJC_IMPLICIT_RETAIN_SELF = YES;
				CLANG_WARN_OBJC_LITERAL_CONVERSION = YES;
				CLANG_WARN_OBJC_ROOT_CLASS = YES_ERROR;
				CLANG_WARN_QUOTED_INCLUDE_IN_FRAMEWORK_HEADER = YES;
				CLANG_WARN_RANGE_LOOP_ANALYSIS = YES;
				CLANG_WARN_STRICT_PROTOTYPES = YES;
				CLANG_WARN_SUSPICIOUS_MOVE = YES;
				CLANG_WARN_UNGUARDED_AVAILABILITY = YES_AGGRESSIVE;
				CLANG_WARN_UNREACHABLE_CODE = YES;
				CLANG_WARN__DUPLICATE_METHOD_MATCH = YES;
				COPY_PHASE_STRIP = NO;
				DEBUG_INFORMATION_FORMAT = dwarf;
				ENABLE_STRICT_OBJC_MSGSEND = YES;
				ENABLE_TESTABILITY = YES;
				GCC_C_LANGUAGE_STANDARD = gnu11;
				GCC_DYNAMIC_NO_PIC = NO;
				GCC_NO_COMMON_BLOCKS = YES;
				GCC_OPTIMIZATION_LEVEL = 0;
				GCC_PREPROCESSOR_DEFINITIONS = (
					"DEBUG=1",
					"$(inherited)",
				);
				GCC_WARN_64_TO_32_BIT_CONVERSION = YES;
				GCC_WARN_ABOUT_RETURN_TYPE = YES_ERROR;
				GCC_WARN_UNDECLARED_SELECTOR = YES;
				GCC_WARN_UNINITIALIZED_AUTOS = YES_AGGRESSIVE;
				GCC_WARN_UNUSED_FUNCTION = YES;
				GCC_WARN_UNUSED_VARIABLE = YES;
				IPHONEOS_DEPLOYMENT_TARGET = 12.0;
				MTL_ENABLE_DEBUG_INFO = INCLUDE_SOURCE;
				MTL_FAST_MATH = YES;
				ONLY_ACTIVE_ARCH = YES;
				SDKROOT = iphoneos;
				SWIFT_ACTIVE_COMPILATION_CONDITIONS = DEBUG;
				SWIFT_OPTIMIZATION_LEVEL = "-Onone";
			};
			name = Debug;
		};
		3605E3BA24D2AEC5001CB361 /* Release */ = {
			isa = XCBuildConfiguration;
			buildSettings = {
				ALWAYS_SEARCH_USER_PATHS = NO;
				CLANG_ANALYZER_NONNULL = YES;
				CLANG_ANALYZER_NUMBER_OBJECT_CONVERSION = YES_AGGRESSIVE;
				CLANG_CXX_LANGUAGE_STANDARD = "gnu++14";
				CLANG_CXX_LIBRARY = "libc++";
				CLANG_ENABLE_MODULES = YES;
				CLANG_ENABLE_OBJC_ARC = YES;
				CLANG_ENABLE_OBJC_WEAK = YES;
				CLANG_WARN_BLOCK_CAPTURE_AUTORELEASING = YES;
				CLANG_WARN_BOOL_CONVERSION = YES;
				CLANG_WARN_COMMA = YES;
				CLANG_WARN_CONSTANT_CONVERSION = YES;
				CLANG_WARN_DEPRECATED_OBJC_IMPLEMENTATIONS = YES;
				CLANG_WARN_DIRECT_OBJC_ISA_USAGE = YES_ERROR;
				CLANG_WARN_DOCUMENTATION_COMMENTS = YES;
				CLANG_WARN_EMPTY_BODY = YES;
				CLANG_WARN_ENUM_CONVERSION = YES;
				CLANG_WARN_INFINITE_RECURSION = YES;
				CLANG_WARN_INT_CONVERSION = YES;
				CLANG_WARN_NON_LITERAL_NULL_CONVERSION = YES;
				CLANG_WARN_OBJC_IMPLICIT_RETAIN_SELF = YES;
				CLANG_WARN_OBJC_LITERAL_CONVERSION = YES;
				CLANG_WARN_OBJC_ROOT_CLASS = YES_ERROR;
				CLANG_WARN_QUOTED_INCLUDE_IN_FRAMEWORK_HEADER = YES;
				CLANG_WARN_RANGE_LOOP_ANALYSIS = YES;
				CLANG_WARN_STRICT_PROTOTYPES = YES;
				CLANG_WARN_SUSPICIOUS_MOVE = YES;
				CLANG_WARN_UNGUARDED_AVAILABILITY = YES_AGGRESSIVE;
				CLANG_WARN_UNREACHABLE_CODE = YES;
				CLANG_WARN__DUPLICATE_METHOD_MATCH = YES;
				COPY_PHASE_STRIP = NO;
				DEBUG_INFORMATION_FORMAT = "dwarf-with-dsym";
				ENABLE_NS_ASSERTIONS = NO;
				ENABLE_STRICT_OBJC_MSGSEND = YES;
				GCC_C_LANGUAGE_STANDARD = gnu11;
				GCC_NO_COMMON_BLOCKS = YES;
				GCC_WARN_64_TO_32_BIT_CONVERSION = YES;
				GCC_WARN_ABOUT_RETURN_TYPE = YES_ERROR;
				GCC_WARN_UNDECLARED_SELECTOR = YES;
				GCC_WARN_UNINITIALIZED_AUTOS = YES_AGGRESSIVE;
				GCC_WARN_UNUSED_FUNCTION = YES;
				GCC_WARN_UNUSED_VARIABLE = YES;
				IPHONEOS_DEPLOYMENT_TARGET = 12.0;
				MTL_ENABLE_DEBUG_INFO = NO;
				MTL_FAST_MATH = YES;
				SDKROOT = iphoneos;
				SWIFT_COMPILATION_MODE = wholemodule;
				SWIFT_OPTIMIZATION_LEVEL = "-O";
				VALIDATE_PRODUCT = YES;
			};
			name = Release;
		};
		3605E3BC24D2AEC5001CB361 /* Debug */ = {
			isa = XCBuildConfiguration;
			baseConfigurationReference = E0852A22FA323DDDE88566FC /* Pods-BaseCode.debug.xcconfig */;
			buildSettings = {
				ASSETCATALOG_COMPILER_APPICON_NAME = AppIcon;
				ASSETCATALOG_COMPILER_GLOBAL_ACCENT_COLOR_NAME = AccentColor;
				CODE_SIGN_STYLE = Automatic;
				DEVELOPMENT_TEAM = 43THU6L26P;
				INFOPLIST_FILE = BaseCode/Info.plist;
				IPHONEOS_DEPLOYMENT_TARGET = 12.0;
				LD_RUNPATH_SEARCH_PATHS = (
					"$(inherited)",
					"@executable_path/Frameworks",
				);
				PRODUCT_BUNDLE_IDENTIFIER = com.ferhanakkan.BaseCode;
				PRODUCT_NAME = "$(TARGET_NAME)";
				SWIFT_VERSION = 5.0;
				TARGETED_DEVICE_FAMILY = "1,2";
			};
			name = Debug;
		};
		3605E3BD24D2AEC5001CB361 /* Release */ = {
			isa = XCBuildConfiguration;
			baseConfigurationReference = E8ADC355975DB18BC4723C7A /* Pods-BaseCode.release.xcconfig */;
			buildSettings = {
				ASSETCATALOG_COMPILER_APPICON_NAME = AppIcon;
				ASSETCATALOG_COMPILER_GLOBAL_ACCENT_COLOR_NAME = AccentColor;
				CODE_SIGN_STYLE = Automatic;
				DEVELOPMENT_TEAM = 43THU6L26P;
				INFOPLIST_FILE = BaseCode/Info.plist;
				IPHONEOS_DEPLOYMENT_TARGET = 12.0;
				LD_RUNPATH_SEARCH_PATHS = (
					"$(inherited)",
					"@executable_path/Frameworks",
				);
				PRODUCT_BUNDLE_IDENTIFIER = com.ferhanakkan.BaseCode;
				PRODUCT_NAME = "$(TARGET_NAME)";
				SWIFT_VERSION = 5.0;
				TARGETED_DEVICE_FAMILY = "1,2";
			};
			name = Release;
		};
/* End XCBuildConfiguration section */

/* Begin XCConfigurationList section */
		3605E3A224D2AEC3001CB361 /* Build configuration list for PBXProject "BaseCode" */ = {
			isa = XCConfigurationList;
			buildConfigurations = (
				3605E3B924D2AEC5001CB361 /* Debug */,
				3605E3BA24D2AEC5001CB361 /* Release */,
			);
			defaultConfigurationIsVisible = 0;
			defaultConfigurationName = Release;
		};
		3605E3BB24D2AEC5001CB361 /* Build configuration list for PBXNativeTarget "BaseCode" */ = {
			isa = XCConfigurationList;
			buildConfigurations = (
				3605E3BC24D2AEC5001CB361 /* Debug */,
				3605E3BD24D2AEC5001CB361 /* Release */,
			);
			defaultConfigurationIsVisible = 0;
			defaultConfigurationName = Release;
		};
/* End XCConfigurationList section */
	};
	rootObject = 3605E39F24D2AEC3001CB361 /* Project object */;
}
